
Microsoft Visual Studio Solution File, Format Version 12.00
# Visual Studio Version 16
VisualStudioVersion = 16.0.30804.86
MinimumVisualStudioVersion = 10.0.40219.1
Project("{FAE04EC0-301F-11D3-BF4B-00C04F79EFBC}") = "UnityEngine.TestRunner", "UnityEngine.TestRunner.csproj", "{C0977C80-590A-8D5A-1EED-D56920132771}"
EndProject
Project("{FAE04EC0-301F-11D3-BF4B-00C04F79EFBC}") = "Unity.Mathematics", "Unity.Mathematics.csproj", "{8C9AABD9-1C07-E242-96B2-7381CBE313AA}"
EndProject
Project("{FAE04EC0-301F-11D3-BF4B-00C04F79EFBC}") = "Unity.2D.Animation.Triangle.Runtime", "Unity.2D.Animation.Triangle.Runtime.csproj", "{ED02B36E-594C-7A54-4F3C-B1BDFCA9EB12}"
EndProject
Project("{FAE04EC0-301F-11D3-BF4B-00C04F79EFBC}") = "Unity.Timeline", "Unity.Timeline.csproj", "{51BAAD87-1157-FFB1-03CD-6CFC60CC3EC3}"
EndProject
Project("{FAE04EC0-301F-11D3-BF4B-00C04F79EFBC}") = "UnityEngine.UI", "UnityEngine.UI.csproj", "{951184BD-BD69-74CB-49AE-038747592C1A}"
EndProject
Project("{FAE04EC0-301F-11D3-BF4B-00C04F79EFBC}") = "Unity.TextMeshPro", "Unity.TextMeshPro.csproj", "{9AE80AE3-8E6D-C44D-7153-F4614B31DDD5}"
EndProject
Project("{FAE04EC0-301F-11D3-BF4B-00C04F79EFBC}") = "Assembly-CSharp", "Assembly-CSharp.csproj", "{2EBD54AE-81F5-C01A-A327-4CB67240CA45}"
EndProject
Project("{FAE04EC0-301F-11D3-BF4B-00C04F79EFBC}") = "Unity.2D.Animation.Runtime", "Unity.2D.Animation.Runtime.csproj", "{E7AD828F-005B-BAB8-5F86-7AD1BC7FF4F7}"
EndProject
Project("{FAE04EC0-301F-11D3-BF4B-00C04F79EFBC}") = "Unity.2D.IK.Runtime", "Unity.2D.IK.Runtime.csproj", "{F7C57597-DC27-68B7-24AB-0DBE29AF5004}"
EndProject
Project("{FAE04EC0-301F-11D3-BF4B-00C04F79EFBC}") = "Unity.2D.SpriteShape.Runtime", "Unity.2D.SpriteShape.Runtime.csproj", "{EF2B2150-19B7-D1D2-153D-BA14E115F69A}"
EndProject
Project("{FAE04EC0-301F-11D3-BF4B-00C04F79EFBC}") = "Unity.2D.PixelPerfect", "Unity.2D.PixelPerfect.csproj", "{90095E4F-B449-476B-34D4-3E80B19A7104}"
EndProject
Project("{FAE04EC0-301F-11D3-BF4B-00C04F79EFBC}") = "Unity.2D.Common.Runtime", "Unity.2D.Common.Runtime.csproj", "{CC284C8D-9FEA-3BDB-1801-4C78BD0F3BE3}"
EndProject
Project("{FAE04EC0-301F-11D3-BF4B-00C04F79EFBC}") = "Unity.InternalAPIEngineBridge.001", "Unity.InternalAPIEngineBridge.001.csproj", "{782DB2EC-FED9-D882-344A-1E9AA7B563F2}"
EndProject
Project("{FAE04EC0-301F-11D3-BF4B-00C04F79EFBC}") = "UnityEditor.TestRunner", "UnityEditor.TestRunner.csproj", "{13943AA7-8495-03B2-955A-672A952E2CE9}"
EndProject
Project("{FAE04EC0-301F-11D3-BF4B-00C04F79EFBC}") = "UnityEditor.UI", "UnityEditor.UI.csproj", "{2E17E029-A803-4C3C-167C-6CB78732D4F5}"
EndProject
Project("{FAE04EC0-301F-11D3-BF4B-00C04F79EFBC}") = "Unity.Timeline.Editor", "Unity.Timeline.Editor.csproj", "{D5B417AE-BC13-690B-5D1C-A7CEC690A7E0}"
EndProject
Project("{FAE04EC0-301F-11D3-BF4B-00C04F79EFBC}") = "Unity.VisualStudio.Editor", "Unity.VisualStudio.Editor.csproj", "{FFD580AB-DD51-B6B0-0A80-F4F4C8A6CDE4}"
EndProject
Project("{FAE04EC0-301F-11D3-BF4B-00C04F79EFBC}") = "Unity.2D.Psdimporter.Editor", "Unity.2D.Psdimporter.Editor.csproj", "{84C7A717-CB73-0773-70AD-3AA17B131ABA}"
EndProject
Project("{FAE04EC0-301F-11D3-BF4B-00C04F79EFBC}") = "Unity.2D.Animation.Editor", "Unity.2D.Animation.Editor.csproj", "{A9F9E18B-F8A8-864D-E982-ADD12BC2CCD4}"
EndProject
Project("{FAE04EC0-301F-11D3-BF4B-00C04F79EFBC}") = "Unity.TextMeshPro.Editor", "Unity.TextMeshPro.Editor.csproj", "{B8A7BFA5-CC09-FE73-44AD-A2463244FDD8}"
EndProject
Project("{FAE04EC0-301F-11D3-BF4B-00C04F79EFBC}") = "Unity.2D.SpriteShape.Editor", "Unity.2D.SpriteShape.Editor.csproj", "{F41405D7-5CA4-3304-029A-45DFC0127A94}"
EndProject
Project("{FAE04EC0-301F-11D3-BF4B-00C04F79EFBC}") = "Unity.CollabProxy.Editor", "Unity.CollabProxy.Editor.csproj", "{F9BDFEC1-3ABA-E359-6B08-AC0F0DBC9352}"
EndProject
Project("{FAE04EC0-301F-11D3-BF4B-00C04F79EFBC}") = "PsdPlugin", "PsdPlugin.csproj", "{ED0F7B43-5532-30C2-2119-223AD5371B03}"
EndProject
Project("{FAE04EC0-301F-11D3-BF4B-00C04F79EFBC}") = "Unity.2D.Path.Editor", "Unity.2D.Path.Editor.csproj", "{6F41957E-43A2-6418-AFCE-43218B0D2B53}"
EndProject
Project("{FAE04EC0-301F-11D3-BF4B-00C04F79EFBC}") = "Unity.Rider.Editor", "Unity.Rider.Editor.csproj", "{041493C3-7903-DABA-D317-9C0459BADD23}"
EndProject
Project("{FAE04EC0-301F-11D3-BF4B-00C04F79EFBC}") = "Unity.2D.IK.Editor", "Unity.2D.IK.Editor.csproj", "{5D6947D8-F534-B172-CBB7-F19BC3F36EB8}"
EndProject
Project("{FAE04EC0-301F-11D3-BF4B-00C04F79EFBC}") = "Unity.2D.Sprite.Editor", "Unity.2D.Sprite.Editor.csproj", "{C6074948-9F3A-F0B2-8735-B549B4A4BE34}"
EndProject
Project("{FAE04EC0-301F-11D3-BF4B-00C04F79EFBC}") = "Unity.2D.Tilemap.Editor", "Unity.2D.Tilemap.Editor.csproj", "{176A5C03-CD80-E3B2-A85A-B747B95B9958}"
EndProject
Project("{FAE04EC0-301F-11D3-BF4B-00C04F79EFBC}") = "Unity.2D.PixelPerfect.Editor", "Unity.2D.PixelPerfect.Editor.csproj", "{BDB78642-B1CD-C377-C252-3586EB546616}"
EndProject
Project("{FAE04EC0-301F-11D3-BF4B-00C04F79EFBC}") = "Unity.VSCode.Editor", "Unity.VSCode.Editor.csproj", "{7284F7F4-0329-6F9C-A8F2-0E73FFC22F82}"
EndProject
Project("{FAE04EC0-301F-11D3-BF4B-00C04F79EFBC}") = "Unity.2D.Common.Editor", "Unity.2D.Common.Editor.csproj", "{E1C6576E-42BE-4C02-BEC5-AB09C6C2491C}"
EndProject
Project("{FAE04EC0-301F-11D3-BF4B-00C04F79EFBC}") = "Unity.Mathematics.Editor", "Unity.Mathematics.Editor.csproj", "{B3C8A7ED-0AD4-C2E7-D90E-D9CD161E68AC}"
EndProject
Project("{FAE04EC0-301F-11D3-BF4B-00C04F79EFBC}") = "Unity.InternalAPIEditorBridge.001", "Unity.InternalAPIEditorBridge.001.csproj", "{0202CC98-0535-8715-40D1-3BF696D27F1B}"
EndProject
Global
	GlobalSection(SolutionConfigurationPlatforms) = preSolution
		Debug|Any CPU = Debug|Any CPU
	EndGlobalSection
	GlobalSection(ProjectConfigurationPlatforms) = postSolution
		{C0977C80-590A-8D5A-1EED-D56920132771}.Debug|Any CPU.ActiveCfg = Debug|Any CPU
		{C0977C80-590A-8D5A-1EED-D56920132771}.Debug|Any CPU.Build.0 = Debug|Any CPU
		{8C9AABD9-1C07-E242-96B2-7381CBE313AA}.Debug|Any CPU.ActiveCfg = Debug|Any CPU
		{8C9AABD9-1C07-E242-96B2-7381CBE313AA}.Debug|Any CPU.Build.0 = Debug|Any CPU
		{ED02B36E-594C-7A54-4F3C-B1BDFCA9EB12}.Debug|Any CPU.ActiveCfg = Debug|Any CPU
		{ED02B36E-594C-7A54-4F3C-B1BDFCA9EB12}.Debug|Any CPU.Build.0 = Debug|Any CPU
		{51BAAD87-1157-FFB1-03CD-6CFC60CC3EC3}.Debug|Any CPU.ActiveCfg = Debug|Any CPU
		{51BAAD87-1157-FFB1-03CD-6CFC60CC3EC3}.Debug|Any CPU.Build.0 = Debug|Any CPU
		{951184BD-BD69-74CB-49AE-038747592C1A}.Debug|Any CPU.ActiveCfg = Debug|Any CPU
		{951184BD-BD69-74CB-49AE-038747592C1A}.Debug|Any CPU.Build.0 = Debug|Any CPU
		{9AE80AE3-8E6D-C44D-7153-F4614B31DDD5}.Debug|Any CPU.ActiveCfg = Debug|Any CPU
		{9AE80AE3-8E6D-C44D-7153-F4614B31DDD5}.Debug|Any CPU.Build.0 = Debug|Any CPU
		{2EBD54AE-81F5-C01A-A327-4CB67240CA45}.Debug|Any CPU.ActiveCfg = Debug|Any CPU
		{2EBD54AE-81F5-C01A-A327-4CB67240CA45}.Debug|Any CPU.Build.0 = Debug|Any CPU
		{E7AD828F-005B-BAB8-5F86-7AD1BC7FF4F7}.Debug|Any CPU.ActiveCfg = Debug|Any CPU
		{E7AD828F-005B-BAB8-5F86-7AD1BC7FF4F7}.Debug|Any CPU.Build.0 = Debug|Any CPU
		{F7C57597-DC27-68B7-24AB-0DBE29AF5004}.Debug|Any CPU.ActiveCfg = Debug|Any CPU
		{F7C57597-DC27-68B7-24AB-0DBE29AF5004}.Debug|Any CPU.Build.0 = Debug|Any CPU
		{EF2B2150-19B7-D1D2-153D-BA14E115F69A}.Debug|Any CPU.ActiveCfg = Debug|Any CPU
		{EF2B2150-19B7-D1D2-153D-BA14E115F69A}.Debug|Any CPU.Build.0 = Debug|Any CPU
		{90095E4F-B449-476B-34D4-3E80B19A7104}.Debug|Any CPU.ActiveCfg = Debug|Any CPU
		{90095E4F-B449-476B-34D4-3E80B19A7104}.Debug|Any CPU.Build.0 = Debug|Any CPU
		{CC284C8D-9FEA-3BDB-1801-4C78BD0F3BE3}.Debug|Any CPU.ActiveCfg = Debug|Any CPU
		{CC284C8D-9FEA-3BDB-1801-4C78BD0F3BE3}.Debug|Any CPU.Build.0 = Debug|Any CPU
		{782DB2EC-FED9-D882-344A-1E9AA7B563F2}.Debug|Any CPU.ActiveCfg = Debug|Any CPU
		{782DB2EC-FED9-D882-344A-1E9AA7B563F2}.Debug|Any CPU.Build.0 = Debug|Any CPU
		{13943AA7-8495-03B2-955A-672A952E2CE9}.Debug|Any CPU.ActiveCfg = Debug|Any CPU
		{13943AA7-8495-03B2-955A-672A952E2CE9}.Debug|Any CPU.Build.0 = Debug|Any CPU
		{2E17E029-A803-4C3C-167C-6CB78732D4F5}.Debug|Any CPU.ActiveCfg = Debug|Any CPU
		{2E17E029-A803-4C3C-167C-6CB78732D4F5}.Debug|Any CPU.Build.0 = Debug|Any CPU
		{D5B417AE-BC13-690B-5D1C-A7CEC690A7E0}.Debug|Any CPU.ActiveCfg = Debug|Any CPU
		{D5B417AE-BC13-690B-5D1C-A7CEC690A7E0}.Debug|Any CPU.Build.0 = Debug|Any CPU
		{FFD580AB-DD51-B6B0-0A80-F4F4C8A6CDE4}.Debug|Any CPU.ActiveCfg = Debug|Any CPU
		{FFD580AB-DD51-B6B0-0A80-F4F4C8A6CDE4}.Debug|Any CPU.Build.0 = Debug|Any CPU
		{84C7A717-CB73-0773-70AD-3AA17B131ABA}.Debug|Any CPU.ActiveCfg = Debug|Any CPU
		{84C7A717-CB73-0773-70AD-3AA17B131ABA}.Debug|Any CPU.Build.0 = Debug|Any CPU
		{A9F9E18B-F8A8-864D-E982-ADD12BC2CCD4}.Debug|Any CPU.ActiveCfg = Debug|Any CPU
		{A9F9E18B-F8A8-864D-E982-ADD12BC2CCD4}.Debug|Any CPU.Build.0 = Debug|Any CPU
		{B8A7BFA5-CC09-FE73-44AD-A2463244FDD8}.Debug|Any CPU.ActiveCfg = Debug|Any CPU
		{B8A7BFA5-CC09-FE73-44AD-A2463244FDD8}.Debug|Any CPU.Build.0 = Debug|Any CPU
		{F41405D7-5CA4-3304-029A-45DFC0127A94}.Debug|Any CPU.ActiveCfg = Debug|Any CPU
		{F41405D7-5CA4-3304-029A-45DFC0127A94}.Debug|Any CPU.Build.0 = Debug|Any CPU
		{F9BDFEC1-3ABA-E359-6B08-AC0F0DBC9352}.Debug|Any CPU.ActiveCfg = Debug|Any CPU
		{F9BDFEC1-3ABA-E359-6B08-AC0F0DBC9352}.Debug|Any CPU.Build.0 = Debug|Any CPU
		{ED0F7B43-5532-30C2-2119-223AD5371B03}.Debug|Any CPU.ActiveCfg = Debug|Any CPU
		{ED0F7B43-5532-30C2-2119-223AD5371B03}.Debug|Any CPU.Build.0 = Debug|Any CPU
		{6F41957E-43A2-6418-AFCE-43218B0D2B53}.Debug|Any CPU.ActiveCfg = Debug|Any CPU
		{6F41957E-43A2-6418-AFCE-43218B0D2B53}.Debug|Any CPU.Build.0 = Debug|Any CPU
		{041493C3-7903-DABA-D317-9C0459BADD23}.Debug|Any CPU.ActiveCfg = Debug|Any CPU
		{041493C3-7903-DABA-D317-9C0459BADD23}.Debug|Any CPU.Build.0 = Debug|Any CPU
		{5D6947D8-F534-B172-CBB7-F19BC3F36EB8}.Debug|Any CPU.ActiveCfg = Debug|Any CPU
		{5D6947D8-F534-B172-CBB7-F19BC3F36EB8}.Debug|Any CPU.Build.0 = Debug|Any CPU
		{C6074948-9F3A-F0B2-8735-B549B4A4BE34}.Debug|Any CPU.ActiveCfg = Debug|Any CPU
		{C6074948-9F3A-F0B2-8735-B549B4A4BE34}.Debug|Any CPU.Build.0 = Debug|Any CPU
		{176A5C03-CD80-E3B2-A85A-B747B95B9958}.Debug|Any CPU.ActiveCfg = Debug|Any CPU
		{176A5C03-CD80-E3B2-A85A-B747B95B9958}.Debug|Any CPU.Build.0 = Debug|Any CPU
		{BDB78642-B1CD-C377-C252-3586EB546616}.Debug|Any CPU.ActiveCfg = Debug|Any CPU
		{BDB78642-B1CD-C377-C252-3586EB546616}.Debug|Any CPU.Build.0 = Debug|Any CPU
		{7284F7F4-0329-6F9C-A8F2-0E73FFC22F82}.Debug|Any CPU.ActiveCfg = Debug|Any CPU
		{7284F7F4-0329-6F9C-A8F2-0E73FFC22F82}.Debug|Any CPU.Build.0 = Debug|Any CPU
		{E1C6576E-42BE-4C02-BEC5-AB09C6C2491C}.Debug|Any CPU.ActiveCfg = Debug|Any CPU
		{E1C6576E-42BE-4C02-BEC5-AB09C6C2491C}.Debug|Any CPU.Build.0 = Debug|Any CPU
		{B3C8A7ED-0AD4-C2E7-D90E-D9CD161E68AC}.Debug|Any CPU.ActiveCfg = Debug|Any CPU
		{B3C8A7ED-0AD4-C2E7-D90E-D9CD161E68AC}.Debug|Any CPU.Build.0 = Debug|Any CPU
		{0202CC98-0535-8715-40D1-3BF696D27F1B}.Debug|Any CPU.ActiveCfg = Debug|Any CPU
		{0202CC98-0535-8715-40D1-3BF696D27F1B}.Debug|Any CPU.Build.0 = Debug|Any CPU
	EndGlobalSection
	GlobalSection(SolutionProperties) = preSolution
		HideSolutionNode = FALSE
	EndGlobalSection
	GlobalSection(ExtensibilityGlobals) = postSolution
		SolutionGuid = {2060E28B-71A1-4CE0-B19D-42FFE5665DDC}
	EndGlobalSection
EndGlobal
